github.com/JackMordaunt/icns v1.0.0 h1:41cNyWyQrG6beMw7m93LFK5o1GhefflsBTkauUkUtG8=
github.com/JackMordaunt/icns v1.0.0/go.mod h1:ubRqphS0f2OD07BuNaQSuw9uHUVQNBX5g38n6i2bdqM=
github.com/hugocarreira/go-decent-copy v0.0.0-20181018112419-9f482c9a2943 h1:uuMUrGtG7EelzCDzq7VNfexyMnbWJzHK+lA2yEHfTk8=
github.com/hugocarreira/go-decent-copy v0.0.0-20181018112419-9f482c9a2943/go.mod h1:LGbo2Li3Ub3ZNYZHIUFZ4qfwsFNvOI+If5lpEQNYJIU=
github.com/machinebox/appify v0.0.0-20180512101119-15c1e09ce924 h1:uXvs2WoTfOUZuGu+qJUUZWb5UxBU59DLlZhZBxNgBFs=
github.com/machinebox/appify v0.0.0-20180512101119-15c1e09ce924/go.mod h1:sqsRpT+VgEXox31qA9IQ9sEO8VQ/q7v7Y9WFxWkQTF0=
github.com/matryer/is v1.2.0 h1:92UTHpy8CDwaJ08GqLDzhhuixiBUUD1p3AU6PHddz4A=
github.com/matryer/is v1.2.0/go.mod h1:2fLPjFQM9rhQ15aVEtbuwhJinnOqrmgXPNdZsdwlWXA=
github.com/nfnt/resize v0.0.0-20180221191011-83c6a9932646 h1:zYyBkD/k9seD2A7fsi6Oo2LfFZAehjjQMERAvZLEDnQ=
github.com/nfnt/resize v0.0.0-20180221191011-83c6a9932646/go.mod h1:jpp1/29i3P1S/RLdc7JQKbRpFeM1dOBd8T9ki5s+AY8=
github.com/otiai10/copy v0.0.0-20180813032824-7e9a647135a1 h1:A7kMXwDPBTfIVRv2l6XV3U6Su3SzLUzZjxnDDQVZDIY=
github.com/otiai10/copy v0.0.0-20180813032824-7e9a647135a1/go.mod h1:pXzZSDlN+HPzSdyIBnKNN9ptD9Hx7iZMWIJPTwo4FPE=
github.com/pkg/errors v0.8.1 h1:iURUrRGxPUNPdy5/HRSm+Yj6okJ6UtLINN0Q9M4+h3I=
github.com/pkg/errors v0.8.1/go.mod h1:bwawxfHBFNV+L2hUp1rHADufV3IMtnDRdf1r5NINEl0=
github.com/veandco/go-sdl2 v0.3.0 h1:IWYkHMp8V3v37NsKjszln8FFnX2+ab0538J371t+rss=
github.com/veandco/go-sdl2 v0.3.0/go.mod h1:FB+kTpX9YTE+urhYiClnRzpOXbiWgaU3+5F2AB78DPg=
golang.org/x/mobile v0.0.0-20190127143845-a42111704963 h1:2HSxAhImj2OpXsNjXSqfnv1xtqeCpDjwPB3o1DnQqKM=
golang.org/x/mobile v0.0.0-20190127143845-a42111704963/go.mod h1:z+o9i4GpDbdi3rU15maQ/Ox0txvL9dWGYEHz965HBQE=
