github.com/thommil/tge-mobile v0.0.0-20190301151748-91d5e211d0c8/go.mod h1:esUenx0eq059yhIVOB9vadnWk0+vDzKSIqrDR9o/T58=
github.com/thommil/tge-mobile v0.0.0-20190303154902-d08630cc2c91/go.mod h1:J7jrg6A0+2eUmgJpiKWBEJKxCdjjTD1+GYzyTu8vE2c=
github.com/veandco/go-sdl2 v0.3.0 h1:IWYkHMp8V3v37NsKjszln8FFnX2+ab0538J371t+rss=
github.com/veandco/go-sdl2 v0.3.0/go.mod h1:FB+kTpX9YTE+urhYiClnRzpOXbiWgaU3+5F2AB78DPg=
